{
  "version": 4,
  "terraform_version": "1.12.2",
  "serial": 3,
  "lineage": "4753b15a-ae29-cc14-1501-5426d7a62757",
  "outputs": {},
  "resources": [
    {
      "mode": "managed",
      "type": "azurerm_resource_group",
      "name": "rg",
      "provider": "provider[\"registry.terraform.io/hashicorp/azurerm\"]",
      "instances": [
        {
          "schema_version": 0,
          "attributes": {
            "id": "/subscriptions/e869e268-640d-4879-bd1a-ad52ae6cf6a4/resourceGroups/dev-rg",
            "location": "centralindia",
            "managed_by": "",
            "name": "dev-rg",
            "tags": null,
            "timeouts": null
          },
          "sensitive_attributes": [],
          "identity_schema_version": 0,
          "identity": {
            "name": "dev-rg",
            "subscription_id": "e869e268-640d-4879-bd1a-ad52ae6cf6a4"
          },
          "private": "eyJlMmJmYjczMC1lY2FhLTExZTYtOGY4OC0zNDM2M2JjN2M0YzAiOnsiY3JlYXRlIjo1NDAwMDAwMDAwMDAwLCJkZWxldGUiOjU0MDAwMDAwMDAwMDAsInJlYWQiOjMwMDAwMDAwMDAwMCwidXBkYXRlIjo1NDAwMDAwMDAwMDAwfX0="
        }
      ]
    }
  ],
  "check_results": null
}
